// !$*UTF8*$!
{
	archiveVersion = 1;
	classes = {
	};
	objectVersion = 56;
	objects = {

/* Begin PBXBuildFile section */
		2C5A51C329C7C5C50099526F /* MATEMATIK.swift in Sources */ = {isa = PBXBuildFile; fileRef = 2C5A51C229C7C5C50099526F /* MATEMATIK.swift */; };
		C37B823D29A82B3900535707 /* ViewController3.swift in Sources */ = {isa = PBXBuildFile; fileRef = C37B823B29A82B3900535707 /* ViewController3.swift */; };
		C39A9F2E29A58B1F00F1335C /* AppDelegate.swift in Sources */ = {isa = PBXBuildFile; fileRef = C39A9F2D29A58B1F00F1335C /* AppDelegate.swift */; };
		C39A9F3229A58B2100F1335C /* Assets.xcassets in Resources */ = {isa = PBXBuildFile; fileRef = C39A9F3129A58B2100F1335C /* Assets.xcassets */; };
		C39A9F3529A58B2100F1335C /* Main.storyboard in Resources */ = {isa = PBXBuildFile; fileRef = C39A9F3329A58B2100F1335C /* Main.storyboard */; };
		C3DDAF8D29C136E0008707AB /* vControllerPrac.swift in Sources */ = {isa = PBXBuildFile; fileRef = C3DDAF8B29C136E0008707AB /* vControllerPrac.swift */; };
		C3DDAF8E29C136E0008707AB /* vControllerPrac.xib in Resources */ = {isa = PBXBuildFile; fileRef = C3DDAF8C29C136E0008707AB /* vControllerPrac.xib */; };
/* End PBXBuildFile section */

/* Begin PBXFileReference section */
		2C5A51C229C7C5C50099526F /* MATEMATIK.swift */ = {isa = PBXFileReference; lastKnownFileType = sourcecode.swift; path = MATEMATIK.swift; sourceTree = "<group>"; };
		C37B823B29A82B3900535707 /* ViewController3.swift */ = {isa = PBXFileReference; lastKnownFileType = sourcecode.swift; path = ViewController3.swift; sourceTree = "<group>"; };
		C39A9F2A29A58B1F00F1335C /* int-ivan.app */ = {isa = PBXFileReference; explicitFileType = wrapper.application; includeInIndex = 0; path = "int-ivan.app"; sourceTree = BUILT_PRODUCTS_DIR; };
		C39A9F2D29A58B1F00F1335C /* AppDelegate.swift */ = {isa = PBXFileReference; lastKnownFileType = sourcecode.swift; path = AppDelegate.swift; sourceTree = "<group>"; };
		C39A9F3129A58B2100F1335C /* Assets.xcassets */ = {isa = PBXFileReference; lastKnownFileType = folder.assetcatalog; path = Assets.xcassets; sourceTree = "<group>"; };
		C39A9F3429A58B2100F1335C /* Base */ = {isa = PBXFileReference; lastKnownFileType = file.storyboard; name = Base; path = Base.lproj/Main.storyboard; sourceTree = "<group>"; };
		C39A9F3629A58B2100F1335C /* int_ivan.entitlements */ = {isa = PBXFileReference; lastKnownFileType = text.plist.entitlements; path = int_ivan.entitlements; sourceTree = "<group>"; };
		C3DDAF8B29C136E0008707AB /* vControllerPrac.swift */ = {isa = PBXFileReference; lastKnownFileType = sourcecode.swift; path = vControllerPrac.swift; sourceTree = "<group>"; };
		C3DDAF8C29C136E0008707AB /* vControllerPrac.xib */ = {isa = PBXFileReference; lastKnownFileType = file.xib; path = vControllerPrac.xib; sourceTree = "<group>"; };
/* End PBXFileReference section */

/* Begin PBXFrameworksBuildPhase section */
		C39A9F2729A58B1F00F1335C /* Frameworks */ = {
			isa = PBXFrameworksBuildPhase;
			buildActionMask = 2147483647;
			files = (
			);
			runOnlyForDeploymentPostprocessing = 0;
		};
/* End PBXFrameworksBuildPhase section */

/* Begin PBXGroup section */
		C39A9F2129A58B1F00F1335C = {
			isa = PBXGroup;
			children = (
				C39A9F2C29A58B1F00F1335C /* int-ivan */,
				C39A9F2B29A58B1F00F1335C /* Products */,
			);
			sourceTree = "<group>";
		};
		C39A9F2B29A58B1F00F1335C /* Products */ = {
			isa = PBXGroup;
			children = (
				C39A9F2A29A58B1F00F1335C /* int-ivan.app */,
			);
			name = Products;
			sourceTree = "<group>";
		};
		C39A9F2C29A58B1F00F1335C /* int-ivan */ = {
			isa = PBXGroup;
			children = (
				C39A9F2D29A58B1F00F1335C /* AppDelegate.swift */,
				C39A9F3129A58B2100F1335C /* Assets.xcassets */,
				C39A9F3329A58B2100F1335C /* Main.storyboard */,
				C3DDAF8B29C136E0008707AB /* vControllerPrac.swift */,
				C3DDAF8C29C136E0008707AB /* vControllerPrac.xib */,
				C39A9F3629A58B2100F1335C /* int_ivan.entitlements */,
				C37B823B29A82B3900535707 /* ViewController3.swift */,
				2C5A51C229C7C5C50099526F /* MATEMATIK.swift */,
			);
			path = "int-ivan";
			sourceTree = "<group>";
		};
/* End PBXGroup section */

/* Begin PBXNativeTarget section */
		C39A9F2929A58B1F00F1335C /* int-ivan */ = {
			isa = PBXNativeTarget;
			buildConfigurationList = C39A9F3929A58B2100F1335C /* Build configuration list for PBXNativeTarget "int-ivan" */;
			buildPhases = (
				C39A9F2629A58B1F00F1335C /* Sources */,
				C39A9F2729A58B1F00F1335C /* Frameworks */,
				C39A9F2829A58B1F00F1335C /* Resources */,
			);
			buildRules = (
			);
			dependencies = (
			);
			name = "int-ivan";
			productName = "int-ivan";
			productReference = C39A9F2A29A58B1F00F1335C /* int-ivan.app */;
			productType = "com.apple.product-type.application";
		};
/* End PBXNativeTarget section */

/* Begin PBXProject section */
		C39A9F2229A58B1F00F1335C /* Project object */ = {
			isa = PBXProject;
			attributes = {
				BuildIndependentTargetsInParallel = 1;
				LastSwiftUpdateCheck = 1420;
				LastUpgradeCheck = 1420;
				TargetAttributes = {
					C39A9F2929A58B1F00F1335C = {
						CreatedOnToolsVersion = 14.2;
					};
				};
			};
			buildConfigurationList = C39A9F2529A58B1F00F1335C /* Build configuration list for PBXProject "int-ivan" */;
			compatibilityVersion = "Xcode 14.0";
			developmentRegion = en;
			hasScannedForEncodings = 0;
			knownRegions = (
				en,
				Base,
			);
			mainGroup = C39A9F2129A58B1F00F1335C;
			productRefGroup = C39A9F2B29A58B1F00F1335C /* Products */;
			projectDirPath = "";
			projectRoot = "";
			targets = (
				C39A9F2929A58B1F00F1335C /* int-ivan */,
			);
		};
/* End PBXProject section */

/* Begin PBXResourcesBuildPhase section */
		C39A9F2829A58B1F00F1335C /* Resources */ = {
			isa = PBXResourcesBuildPhase;
			buildActionMask = 2147483647;
			files = (
				C3DDAF8E29C136E0008707AB /* vControllerPrac.xib in Resources */,
				C39A9F3229A58B2100F1335C /* Assets.xcassets in Resources */,
				C39A9F3529A58B2100F1335C /* Main.storyboard in Resources */,
			);
			runOnlyForDeploymentPostprocessing = 0;
		};
/* End PBXResourcesBuildPhase section */

/* Begin PBXSourcesBuildPhase section */
		C39A9F2629A58B1F00F1335C /* Sources */ = {
			isa = PBXSourcesBuildPhase;
			buildActionMask = 2147483647;
			files = (
				C3DDAF8D29C136E0008707AB /* vControllerPrac.swift in Sources */,
				C37B823D29A82B3900535707 /* ViewController3.swift in Sources */,
				C39A9F2E29A58B1F00F1335C /* AppDelegate.swift in Sources */,
				2C5A51C329C7C5C50099526F /* MATEMATIK.swift in Sources */,
			);
			runOnlyForDeploymentPostprocessing = 0;
		};
/* End PBXSourcesBuildPhase section */

/* Begin PBXVariantGroup section */
		C39A9F3329A58B2100F1335C /* Main.storyboard */ = {
			isa = PBXVariantGroup;
			children = (
				C39A9F3429A58B2100F1335C /* Base */,
			);
			name = Main.storyboard;
			sourceTree = "<group>";
		};
/* End PBXVariantGroup section */

/* Begin XCBuildConfiguration section */
		C39A9F3729A58B2100F1335C /* Debug */ = {
			isa = XCBuildConfiguration;
			buildSettings = {
				ALWAYS_SEARCH_USER_PATHS = NO;
				CLANG_ANALYZER_NONNULL = YES;
				CLANG_ANALYZER_NUMBER_OBJECT_CONVERSION = YES_AGGRESSIVE;
				CLANG_CXX_LANGUAGE_STANDARD = "gnu++20";
				CLANG_ENABLE_MODULES = YES;
				CLANG_ENABLE_OBJC_ARC = YES;
				CLANG_ENABLE_OBJC_WEAK = YES;
				CLANG_WARN_BLOCK_CAPTURE_AUTORELEASING = YES;
				CLANG_WARN_BOOL_CONVERSION = YES;
				CLANG_WARN_COMMA = YES;
				CLANG_WARN_CONSTANT_CONVERSION = YES;
				CLANG_WARN_DEPRECATED_OBJC_IMPLEMENTATIONS = YES;
				CLANG_WARN_DIRECT_OBJC_ISA_USAGE = YES_ERROR;
				CLANG_WARN_DOCUMENTATION_COMMENTS = YES;
				CLANG_WARN_EMPTY_BODY = YES;
				CLANG_WARN_ENUM_CONVERSION = YES;
				CLANG_WARN_INFINITE_RECURSION = YES;
				CLANG_WARN_INT_CONVERSION = YES;
				CLANG_WARN_NON_LITERAL_NULL_CONVERSION = YES;
				CLANG_WARN_OBJC_IMPLICIT_RETAIN_SELF = YES;
				CLANG_WARN_OBJC_LITERAL_CONVERSION = YES;
				CLANG_WARN_OBJC_ROOT_CLASS = YES_ERROR;
				CLANG_WARN_QUOTED_INCLUDE_IN_FRAMEWORK_HEADER = YES;
				CLANG_WARN_RANGE_LOOP_ANALYSIS = YES;
				CLANG_WARN_STRICT_PROTOTYPES = YES;
				CLANG_WARN_SUSPICIOUS_MOVE = YES;
				CLANG_WARN_UNGUARDED_AVAILABILITY = YES_AGGRESSIVE;
				CLANG_WARN_UNREACHABLE_CODE = YES;
				CLANG_WARN__DUPLICATE_METHOD_MATCH = YES;
				COPY_PHASE_STRIP = NO;
				DEBUG_INFORMATION_FORMAT = dwarf;
				ENABLE_STRICT_OBJC_MSGSEND = YES;
				ENABLE_TESTABILITY = YES;
				GCC_C_LANGUAGE_STANDARD = gnu11;
				GCC_DYNAMIC_NO_PIC = NO;
				GCC_NO_COMMON_BLOCKS = YES;
				GCC_OPTIMIZATION_LEVEL = 0;
				GCC_PREPROCESSOR_DEFINITIONS = (
					"DEBUG=1",
					"$(inherited)",
				);
				GCC_WARN_64_TO_32_BIT_CONVERSION = YES;
				GCC_WARN_ABOUT_RETURN_TYPE = YES_ERROR;
				GCC_WARN_UNDECLARED_SELECTOR = YES;
				GCC_WARN_UNINITIALIZED_AUTOS = YES_AGGRESSIVE;
				GCC_WARN_UNUSED_FUNCTION = YES;
				GCC_WARN_UNUSED_VARIABLE = YES;
				MACOSX_DEPLOYMENT_TARGET = 13.1;
				MTL_ENABLE_DEBUG_INFO = INCLUDE_SOURCE;
				MTL_FAST_MATH = YES;
				ONLY_ACTIVE_ARCH = YES;
				SDKROOT = macosx;
				SWIFT_ACTIVE_COMPILATION_CONDITIONS = DEBUG;
				SWIFT_OPTIMIZATION_LEVEL = "-Onone";
			};
			name = Debug;
		};
		C39A9F3829A58B2100F1335C /* Release */ = {
			isa = XCBuildConfiguration;
			buildSettings = {
				ALWAYS_SEARCH_USER_PATHS = NO;
				CLANG_ANALYZER_NONNULL = YES;
				CLANG_ANALYZER_NUMBER_OBJECT_CONVERSION = YES_AGGRESSIVE;
				CLANG_CXX_LANGUAGE_STANDARD = "gnu++20";
				CLANG_ENABLE_MODULES = YES;
				CLANG_ENABLE_OBJC_ARC = YES;
				CLANG_ENABLE_OBJC_WEAK = YES;
				CLANG_WARN_BLOCK_CAPTURE_AUTORELEASING = YES;
				CLANG_WARN_BOOL_CONVERSION = YES;
				CLANG_WARN_COMMA = YES;
				CLANG_WARN_CONSTANT_CONVERSION = YES;
				CLANG_WARN_DEPRECATED_OBJC_IMPLEMENTATIONS = YES;
				CLANG_WARN_DIRECT_OBJC_ISA_USAGE = YES_ERROR;
				CLANG_WARN_DOCUMENTATION_COMMENTS = YES;
				CLANG_WARN_EMPTY_BODY = YES;
				CLANG_WARN_ENUM_CONVERSION = YES;
				CLANG_WARN_INFINITE_RECURSION = YES;
				CLANG_WARN_INT_CONVERSION = YES;
				CLANG_WARN_NON_LITERAL_NULL_CONVERSION = YES;
				CLANG_WARN_OBJC_IMPLICIT_RETAIN_SELF = YES;
				CLANG_WARN_OBJC_LITERAL_CONVERSION = YES;
				CLANG_WARN_OBJC_ROOT_CLASS = YES_ERROR;
				CLANG_WARN_QUOTED_INCLUDE_IN_FRAMEWORK_HEADER = YES;
				CLANG_WARN_RANGE_LOOP_ANALYSIS = YES;
				CLANG_WARN_STRICT_PROTOTYPES = YES;
				CLANG_WARN_SUSPICIOUS_MOVE = YES;
				CLANG_WARN_UNGUARDED_AVAILABILITY = YES_AGGRESSIVE;
				CLANG_WARN_UNREACHABLE_CODE = YES;
				CLANG_WARN__DUPLICATE_METHOD_MATCH = YES;
				COPY_PHASE_STRIP = NO;
				DEBUG_INFORMATION_FORMAT = "dwarf-with-dsym";
				ENABLE_NS_ASSERTIONS = NO;
				ENABLE_STRICT_OBJC_MSGSEND = YES;
				GCC_C_LANGUAGE_STANDARD = gnu11;
				GCC_NO_COMMON_BLOCKS = YES;
				GCC_WARN_64_TO_32_BIT_CONVERSION = YES;
				GCC_WARN_ABOUT_RETURN_TYPE = YES_ERROR;
				GCC_WARN_UNDECLARED_SELECTOR = YES;
				GCC_WARN_UNINITIALIZED_AUTOS = YES_AGGRESSIVE;
				GCC_WARN_UNUSED_FUNCTION = YES;
				GCC_WARN_UNUSED_VARIABLE = YES;
				MACOSX_DEPLOYMENT_TARGET = 13.1;
				MTL_ENABLE_DEBUG_INFO = NO;
				MTL_FAST_MATH = YES;
				SDKROOT = macosx;
				SWIFT_COMPILATION_MODE = wholemodule;
				SWIFT_OPTIMIZATION_LEVEL = "-O";
			};
			name = Release;
		};
		C39A9F3A29A58B2100F1335C /* Debug */ = {
			isa = XCBuildConfiguration;
			buildSettings = {
				ASSETCATALOG_COMPILER_APPICON_NAME = AppIcon;
				ASSETCATALOG_COMPILER_GLOBAL_ACCENT_COLOR_NAME = AccentColor;
				CODE_SIGN_ENTITLEMENTS = "int-ivan/int_ivan.entitlements";
				CODE_SIGN_STYLE = Automatic;
				COMBINE_HIDPI_IMAGES = YES;
				CURRENT_PROJECT_VERSION = 1;
				GENERATE_INFOPLIST_FILE = YES;
				INFOPLIST_KEY_NSHumanReadableCopyright = "";
				INFOPLIST_KEY_NSMainStoryboardFile = Main;
				INFOPLIST_KEY_NSPrincipalClass = NSApplication;
				LD_RUNPATH_SEARCH_PATHS = (
					"$(inherited)",
					"@executable_path/../Frameworks",
				);
				MARKETING_VERSION = 1.0;
				PRODUCT_BUNDLE_IDENTIFIER = "ivan.int-ivan";
				PRODUCT_NAME = "$(TARGET_NAME)";
				SWIFT_EMIT_LOC_STRINGS = YES;
				SWIFT_VERSION = 5.0;
			};
			name = Debug;
		};
		C39A9F3B29A58B2100F1335C /* Release */ = {
			isa = XCBuildConfiguration;
			buildSettings = {
				ASSETCATALOG_COMPILER_APPICON_NAME = AppIcon;
				ASSETCATALOG_COMPILER_GLOBAL_ACCENT_COLOR_NAME = AccentColor;
				CODE_SIGN_ENTITLEMENTS = "int-ivan/int_ivan.entitlements";
				CODE_SIGN_STYLE = Automatic;
				COMBINE_HIDPI_IMAGES = YES;
				CURRENT_PROJECT_VERSION = 1;
				GENERATE_INFOPLIST_FILE = YES;
				INFOPLIST_KEY_NSHumanReadableCopyright = "";
				INFOPLIST_KEY_NSMainStoryboardFile = Main;
				INFOPLIST_KEY_NSPrincipalClass = NSApplication;
				LD_RUNPATH_SEARCH_PATHS = (
					"$(inherited)",
					"@executable_path/../Frameworks",
				);
				MARKETING_VERSION = 1.0;
				PRODUCT_BUNDLE_IDENTIFIER = "ivan.int-ivan";
				PRODUCT_NAME = "$(TARGET_NAME)";
				SWIFT_EMIT_LOC_STRINGS = YES;
				SWIFT_VERSION = 5.0;
			};
			name = Release;
		};
/* End XCBuildConfiguration section */

/* Begin XCConfigurationList section */
		C39A9F2529A58B1F00F1335C /* Build configuration list for PBXProject "int-ivan" */ = {
			isa = XCConfigurationList;
			buildConfigurations = (
				C39A9F3729A58B2100F1335C /* Debug */,
				C39A9F3829A58B2100F1335C /* Release */,
			);
			defaultConfigurationIsVisible = 0;
			defaultConfigurationName = Release;
		};
		C39A9F3929A58B2100F1335C /* Build configuration list for PBXNativeTarget "int-ivan" */ = {
			isa = XCConfigurationList;
			buildConfigurations = (
				C39A9F3A29A58B2100F1335C /* Debug */,
				C39A9F3B29A58B2100F1335C /* Release */,
			);
			defaultConfigurationIsVisible = 0;
			defaultConfigurationName = Release;
		};
/* End XCConfigurationList section */
	};
	rootObject = C39A9F2229A58B1F00F1335C /* Project object */;
}
